// !$*UTF8*$!
{
	archiveVersion = 1;
	classes = {
	};
	objectVersion = 50;
	objects = {

/* Begin PBXBuildFile section */
		3727AC8E20A6E56400D6F6EB /* Kitsunebi.h in Headers */ = {isa = PBXBuildFile; fileRef = 3727AC8C20A6E56400D6F6EB /* Kitsunebi.h */; settings = {ATTRIBUTES = (Public, ); }; };
		D7CC45B12435CBA700B5E148 /* ApplicationHandler.swift in Sources */ = {isa = PBXBuildFile; fileRef = D7CC45A22435CBA700B5E148 /* ApplicationHandler.swift */; };
		D7CC45B22435CBA700B5E148 /* FPSDebugger.swift in Sources */ = {isa = PBXBuildFile; fileRef = D7CC45A32435CBA700B5E148 /* FPSDebugger.swift */; };
		D7CC45B32435CBA700B5E148 /* default.metal in Sources */ = {isa = PBXBuildFile; fileRef = D7CC45A42435CBA700B5E148 /* default.metal */; };
		D7CC45B42435CBA700B5E148 /* CVMetalTextureCache+.swift in Sources */ = {isa = PBXBuildFile; fileRef = D7CC45A52435CBA700B5E148 /* CVMetalTextureCache+.swift */; };
		D7CC45B52435CBA700B5E148 /* Error.swift in Sources */ = {isa = PBXBuildFile; fileRef = D7CC45A62435CBA700B5E148 /* Error.swift */; };
		D7CC45B62435CBA700B5E148 /* CVMetalTexture+.swift in Sources */ = {isa = PBXBuildFile; fileRef = D7CC45A72435CBA700B5E148 /* CVMetalTexture+.swift */; };
		D7CC45B72435CBA700B5E148 /* VideoEngine.swift in Sources */ = {isa = PBXBuildFile; fileRef = D7CC45A82435CBA700B5E148 /* VideoEngine.swift */; };
		D7CC45B82435CBA700B5E148 /* MTLDevice+.swift in Sources */ = {isa = PBXBuildFile; fileRef = D7CC45A92435CBA700B5E148 /* MTLDevice+.swift */; };
		D7CC45B92435CBA700B5E148 /* CVPixelBuffer+.swift in Sources */ = {isa = PBXBuildFile; fileRef = D7CC45AA2435CBA700B5E148 /* CVPixelBuffer+.swift */; };
		D7CC45BA2435CBA700B5E148 /* Bundle+.swift in Sources */ = {isa = PBXBuildFile; fileRef = D7CC45AB2435CBA700B5E148 /* Bundle+.swift */; };
		D7CC45BB2435CBA700B5E148 /* Asset.swift in Sources */ = {isa = PBXBuildFile; fileRef = D7CC45AC2435CBA700B5E148 /* Asset.swift */; };
		D7CC45BC2435CBA700B5E148 /* AnimationView.swift in Sources */ = {isa = PBXBuildFile; fileRef = D7CC45AD2435CBA700B5E148 /* AnimationView.swift */; };
		D7CC45BD2435CBA700B5E148 /* WeakProxy.swift in Sources */ = {isa = PBXBuildFile; fileRef = D7CC45AE2435CBA700B5E148 /* WeakProxy.swift */; };
		D7CC45BE2435CBA700B5E148 /* FPSKeeper.swift in Sources */ = {isa = PBXBuildFile; fileRef = D7CC45AF2435CBA700B5E148 /* FPSKeeper.swift */; };
		D7CC45BF2435CBA700B5E148 /* CAMetalLayerInterface.swift in Sources */ = {isa = PBXBuildFile; fileRef = D7CC45B02435CBA700B5E148 /* CAMetalLayerInterface.swift */; };
/* End PBXBuildFile section */

/* Begin PBXFileReference section */
		3727AC8920A6E56400D6F6EB /* Kitsunebi.framework */ = {isa = PBXFileReference; explicitFileType = wrapper.framework; includeInIndex = 0; path = Kitsunebi.framework; sourceTree = BUILT_PRODUCTS_DIR; };
		3727AC8C20A6E56400D6F6EB /* Kitsunebi.h */ = {isa = PBXFileReference; lastKnownFileType = sourcecode.c.h; path = Kitsunebi.h; sourceTree = "<group>"; };
		3727AC8D20A6E56400D6F6EB /* Info.plist */ = {isa = PBXFileReference; lastKnownFileType = text.plist.xml; path = Info.plist; sourceTree = "<group>"; };
		D7CC45A22435CBA700B5E148 /* ApplicationHandler.swift */ = {isa = PBXFileReference; fileEncoding = 4; lastKnownFileType = sourcecode.swift; name = ApplicationHandler.swift; path = ../../../Kitsunebi/Classes/ApplicationHandler.swift; sourceTree = "<group>"; };
		D7CC45A32435CBA700B5E148 /* FPSDebugger.swift */ = {isa = PBXFileReference; fileEncoding = 4; lastKnownFileType = sourcecode.swift; name = FPSDebugger.swift; path = ../../../Kitsunebi/Classes/FPSDebugger.swift; sourceTree = "<group>"; };
		D7CC45A42435CBA700B5E148 /* default.metal */ = {isa = PBXFileReference; fileEncoding = 4; lastKnownFileType = sourcecode.metal; name = default.metal; path = ../../../Kitsunebi/Classes/default.metal; sourceTree = "<group>"; };
		D7CC45A52435CBA700B5E148 /* CVMetalTextureCache+.swift */ = {isa = PBXFileReference; fileEncoding = 4; lastKnownFileType = sourcecode.swift; name = "CVMetalTextureCache+.swift"; path = "../../../Kitsunebi/Classes/CVMetalTextureCache+.swift"; sourceTree = "<group>"; };
		D7CC45A62435CBA700B5E148 /* Error.swift */ = {isa = PBXFileReference; fileEncoding = 4; lastKnownFileType = sourcecode.swift; name = Error.swift; path = ../../../Kitsunebi/Classes/Error.swift; sourceTree = "<group>"; };
		D7CC45A72435CBA700B5E148 /* CVMetalTexture+.swift */ = {isa = PBXFileReference; fileEncoding = 4; lastKnownFileType = sourcecode.swift; name = "CVMetalTexture+.swift"; path = "../../../Kitsunebi/Classes/CVMetalTexture+.swift"; sourceTree = "<group>"; };
		D7CC45A82435CBA700B5E148 /* VideoEngine.swift */ = {isa = PBXFileReference; fileEncoding = 4; lastKnownFileType = sourcecode.swift; name = VideoEngine.swift; path = ../../../Kitsunebi/Classes/VideoEngine.swift; sourceTree = "<group>"; };
		D7CC45A92435CBA700B5E148 /* MTLDevice+.swift */ = {isa = PBXFileReference; fileEncoding = 4; lastKnownFileType = sourcecode.swift; name = "MTLDevice+.swift"; path = "../../../Kitsunebi/Classes/MTLDevice+.swift"; sourceTree = "<group>"; };
		D7CC45AA2435CBA700B5E148 /* CVPixelBuffer+.swift */ = {isa = PBXFileReference; fileEncoding = 4; lastKnownFileType = sourcecode.swift; name = "CVPixelBuffer+.swift"; path = "../../../Kitsunebi/Classes/CVPixelBuffer+.swift"; sourceTree = "<group>"; };
		D7CC45AB2435CBA700B5E148 /* Bundle+.swift */ = {isa = PBXFileReference; fileEncoding = 4; lastKnownFileType = sourcecode.swift; name = "Bundle+.swift"; path = "../../../Kitsunebi/Classes/Bundle+.swift"; sourceTree = "<group>"; };
		D7CC45AC2435CBA700B5E148 /* Asset.swift */ = {isa = PBXFileReference; fileEncoding = 4; lastKnownFileType = sourcecode.swift; name = Asset.swift; path = ../../../Kitsunebi/Classes/Asset.swift; sourceTree = "<group>"; };
		D7CC45AD2435CBA700B5E148 /* AnimationView.swift */ = {isa = PBXFileReference; fileEncoding = 4; lastKnownFileType = sourcecode.swift; name = AnimationView.swift; path = ../../../Kitsunebi/Classes/AnimationView.swift; sourceTree = "<group>"; };
		D7CC45AE2435CBA700B5E148 /* WeakProxy.swift */ = {isa = PBXFileReference; fileEncoding = 4; lastKnownFileType = sourcecode.swift; name = WeakProxy.swift; path = ../../../Kitsunebi/Classes/WeakProxy.swift; sourceTree = "<group>"; };
		D7CC45AF2435CBA700B5E148 /* FPSKeeper.swift */ = {isa = PBXFileReference; fileEncoding = 4; lastKnownFileType = sourcecode.swift; name = FPSKeeper.swift; path = ../../../Kitsunebi/Classes/FPSKeeper.swift; sourceTree = "<group>"; };
		D7CC45B02435CBA700B5E148 /* CAMetalLayerInterface.swift */ = {isa = PBXFileReference; fileEncoding = 4; lastKnownFileType = sourcecode.swift; name = CAMetalLayerInterface.swift; path = ../../../Kitsunebi/Classes/CAMetalLayerInterface.swift; sourceTree = "<group>"; };
/* End PBXFileReference section */

/* Begin PBXFrameworksBuildPhase section */
		3727AC8520A6E56400D6F6EB /* Frameworks */ = {
			isa = PBXFrameworksBuildPhase;
			buildActionMask = 2147483647;
			files = (
			);
			runOnlyForDeploymentPostprocessing = 0;
		};
/* End PBXFrameworksBuildPhase section */

/* Begin PBXGroup section */
		3727AC7F20A6E56400D6F6EB = {
			isa = PBXGroup;
			children = (
				3727AC8B20A6E56400D6F6EB /* Kitsunebi */,
				3727AC8A20A6E56400D6F6EB /* Products */,
			);
			sourceTree = "<group>";
		};
		3727AC8A20A6E56400D6F6EB /* Products */ = {
			isa = PBXGroup;
			children = (
				3727AC8920A6E56400D6F6EB /* Kitsunebi.framework */,
			);
			name = Products;
			sourceTree = "<group>";
		};
		3727AC8B20A6E56400D6F6EB /* Kitsunebi */ = {
			isa = PBXGroup;
			children = (
				D7CC45AD2435CBA700B5E148 /* AnimationView.swift */,
				D7CC45A22435CBA700B5E148 /* ApplicationHandler.swift */,
				D7CC45AC2435CBA700B5E148 /* Asset.swift */,
				D7CC45AB2435CBA700B5E148 /* Bundle+.swift */,
				D7CC45B02435CBA700B5E148 /* CAMetalLayerInterface.swift */,
				D7CC45A72435CBA700B5E148 /* CVMetalTexture+.swift */,
				D7CC45A52435CBA700B5E148 /* CVMetalTextureCache+.swift */,
				D7CC45AA2435CBA700B5E148 /* CVPixelBuffer+.swift */,
				D7CC45A42435CBA700B5E148 /* default.metal */,
				D7CC45A62435CBA700B5E148 /* Error.swift */,
				D7CC45A32435CBA700B5E148 /* FPSDebugger.swift */,
				D7CC45AF2435CBA700B5E148 /* FPSKeeper.swift */,
				D7CC45A92435CBA700B5E148 /* MTLDevice+.swift */,
				D7CC45A82435CBA700B5E148 /* VideoEngine.swift */,
				D7CC45AE2435CBA700B5E148 /* WeakProxy.swift */,
				3727AC8C20A6E56400D6F6EB /* Kitsunebi.h */,
				3727AC8D20A6E56400D6F6EB /* Info.plist */,
			);
			path = Kitsunebi;
			sourceTree = "<group>";
		};
/* End PBXGroup section */

/* Begin PBXHeadersBuildPhase section */
		3727AC8620A6E56400D6F6EB /* Headers */ = {
			isa = PBXHeadersBuildPhase;
			buildActionMask = 2147483647;
			files = (
				3727AC8E20A6E56400D6F6EB /* Kitsunebi.h in Headers */,
			);
			runOnlyForDeploymentPostprocessing = 0;
		};
/* End PBXHeadersBuildPhase section */

/* Begin PBXNativeTarget section */
		3727AC8820A6E56400D6F6EB /* Kitsunebi */ = {
			isa = PBXNativeTarget;
			buildConfigurationList = 3727AC9120A6E56400D6F6EB /* Build configuration list for PBXNativeTarget "Kitsunebi" */;
			buildPhases = (
				3727AC8420A6E56400D6F6EB /* Sources */,
				3727AC8520A6E56400D6F6EB /* Frameworks */,
				3727AC8620A6E56400D6F6EB /* Headers */,
				3727AC8720A6E56400D6F6EB /* Resources */,
			);
			buildRules = (
			);
			dependencies = (
			);
			name = Kitsunebi;
			productName = Kitsunebi;
			productReference = 3727AC8920A6E56400D6F6EB /* Kitsunebi.framework */;
			productType = "com.apple.product-type.framework";
		};
/* End PBXNativeTarget section */

/* Begin PBXProject section */
		3727AC8020A6E56400D6F6EB /* Project object */ = {
			isa = PBXProject;
			attributes = {
				LastUpgradeCheck = 0930;
				ORGANIZATIONNAME = "Tomoya Hirano";
				TargetAttributes = {
					3727AC8820A6E56400D6F6EB = {
						CreatedOnToolsVersion = 9.3;
						LastSwiftMigration = 1130;
					};
				};
			};
			buildConfigurationList = 3727AC8320A6E56400D6F6EB /* Build configuration list for PBXProject "Kitsunebi" */;
			compatibilityVersion = "Xcode 9.3";
			developmentRegion = en;
			hasScannedForEncodings = 0;
			knownRegions = (
				en,
			);
			mainGroup = 3727AC7F20A6E56400D6F6EB;
			productRefGroup = 3727AC8A20A6E56400D6F6EB /* Products */;
			projectDirPath = "";
			projectRoot = "";
			targets = (
				3727AC8820A6E56400D6F6EB /* Kitsunebi */,
			);
		};
/* End PBXProject section */

/* Begin PBXResourcesBuildPhase section */
		3727AC8720A6E56400D6F6EB /* Resources */ = {
			isa = PBXResourcesBuildPhase;
			buildActionMask = 2147483647;
			files = (
			);
			runOnlyForDeploymentPostprocessing = 0;
		};
/* End PBXResourcesBuildPhase section */

/* Begin PBXSourcesBuildPhase section */
		3727AC8420A6E56400D6F6EB /* Sources */ = {
			isa = PBXSourcesBuildPhase;
			buildActionMask = 2147483647;
			files = (
				D7CC45B72435CBA700B5E148 /* VideoEngine.swift in Sources */,
				D7CC45B92435CBA700B5E148 /* CVPixelBuffer+.swift in Sources */,
				D7CC45B22435CBA700B5E148 /* FPSDebugger.swift in Sources */,
				D7CC45BB2435CBA700B5E148 /* Asset.swift in Sources */,
				D7CC45BD2435CBA700B5E148 /* WeakProxy.swift in Sources */,
				D7CC45B42435CBA700B5E148 /* CVMetalTextureCache+.swift in Sources */,
				D7CC45B82435CBA700B5E148 /* MTLDevice+.swift in Sources */,
				D7CC45BE2435CBA700B5E148 /* FPSKeeper.swift in Sources */,
				D7CC45B62435CBA700B5E148 /* CVMetalTexture+.swift in Sources */,
				D7CC45BF2435CBA700B5E148 /* CAMetalLayerInterface.swift in Sources */,
				D7CC45B12435CBA700B5E148 /* ApplicationHandler.swift in Sources */,
				D7CC45B52435CBA700B5E148 /* Error.swift in Sources */,
				D7CC45BC2435CBA700B5E148 /* AnimationView.swift in Sources */,
				D7CC45B32435CBA700B5E148 /* default.metal in Sources */,
				D7CC45BA2435CBA700B5E148 /* Bundle+.swift in Sources */,
			);
			runOnlyForDeploymentPostprocessing = 0;
		};
/* End PBXSourcesBuildPhase section */

/* Begin XCBuildConfiguration section */
		3727AC8F20A6E56400D6F6EB /* Debug */ = {
			isa = XCBuildConfiguration;
			buildSettings = {
				ALWAYS_SEARCH_USER_PATHS = NO;
				CLANG_ANALYZER_NONNULL = YES;
				CLANG_ANALYZER_NUMBER_OBJECT_CONVERSION = YES_AGGRESSIVE;
				CLANG_CXX_LANGUAGE_STANDARD = "gnu++14";
				CLANG_CXX_LIBRARY = "libc++";
				CLANG_ENABLE_MODULES = YES;
				CLANG_ENABLE_OBJC_ARC = YES;
				CLANG_ENABLE_OBJC_WEAK = YES;
				CLANG_WARN_BLOCK_CAPTURE_AUTORELEASING = YES;
				CLANG_WARN_BOOL_CONVERSION = YES;
				CLANG_WARN_COMMA = YES;
				CLANG_WARN_CONSTANT_CONVERSION = YES;
				CLANG_WARN_DEPRECATED_OBJC_IMPLEMENTATIONS = YES;
				CLANG_WARN_DIRECT_OBJC_ISA_USAGE = YES_ERROR;
				CLANG_WARN_DOCUMENTATION_COMMENTS = YES;
				CLANG_WARN_EMPTY_BODY = YES;
				CLANG_WARN_ENUM_CONVERSION = YES;
				CLANG_WARN_INFINITE_RECURSION = YES;
				CLANG_WARN_INT_CONVERSION = YES;
				CLANG_WARN_NON_LITERAL_NULL_CONVERSION = YES;
				CLANG_WARN_OBJC_IMPLICIT_RETAIN_SELF = YES;
				CLANG_WARN_OBJC_LITERAL_CONVERSION = YES;
				CLANG_WARN_OBJC_ROOT_CLASS = YES_ERROR;
				CLANG_WARN_RANGE_LOOP_ANALYSIS = YES;
				CLANG_WARN_STRICT_PROTOTYPES = YES;
				CLANG_WARN_SUSPICIOUS_MOVE = YES;
				CLANG_WARN_UNGUARDED_AVAILABILITY = YES_AGGRESSIVE;
				CLANG_WARN_UNREACHABLE_CODE = YES;
				CLANG_WARN__DUPLICATE_METHOD_MATCH = YES;
				CODE_SIGN_IDENTITY = "iPhone Developer";
				COPY_PHASE_STRIP = NO;
				CURRENT_PROJECT_VERSION = 1;
				DEBUG_INFORMATION_FORMAT = dwarf;
				ENABLE_STRICT_OBJC_MSGSEND = YES;
				ENABLE_TESTABILITY = YES;
				GCC_C_LANGUAGE_STANDARD = gnu11;
				GCC_DYNAMIC_NO_PIC = NO;
				GCC_NO_COMMON_BLOCKS = YES;
				GCC_OPTIMIZATION_LEVEL = 0;
				GCC_PREPROCESSOR_DEFINITIONS = (
					"DEBUG=1",
					"$(inherited)",
				);
				GCC_WARN_64_TO_32_BIT_CONVERSION = YES;
				GCC_WARN_ABOUT_RETURN_TYPE = YES_ERROR;
				GCC_WARN_UNDECLARED_SELECTOR = YES;
				GCC_WARN_UNINITIALIZED_AUTOS = YES_AGGRESSIVE;
				GCC_WARN_UNUSED_FUNCTION = YES;
				GCC_WARN_UNUSED_VARIABLE = YES;
				IPHONEOS_DEPLOYMENT_TARGET = 12.0;
				MTL_ENABLE_DEBUG_INFO = YES;
				ONLY_ACTIVE_ARCH = YES;
				SDKROOT = iphoneos;
				SWIFT_ACTIVE_COMPILATION_CONDITIONS = DEBUG;
				SWIFT_OPTIMIZATION_LEVEL = "-Onone";
				SWIFT_VERSION = 5.0;
				VERSIONING_SYSTEM = "apple-generic";
				VERSION_INFO_PREFIX = "";
			};
			name = Debug;
		};
		3727AC9020A6E56400D6F6EB /* Release */ = {
			isa = XCBuildConfiguration;
			buildSettings = {
				ALWAYS_SEARCH_USER_PATHS = NO;
				CLANG_ANALYZER_NONNULL = YES;
				CLANG_ANALYZER_NUMBER_OBJECT_CONVERSION = YES_AGGRESSIVE;
				CLANG_CXX_LANGUAGE_STANDARD = "gnu++14";
				CLANG_CXX_LIBRARY = "libc++";
				CLANG_ENABLE_MODULES = YES;
				CLANG_ENABLE_OBJC_ARC = YES;
				CLANG_ENABLE_OBJC_WEAK = YES;
				CLANG_WARN_BLOCK_CAPTURE_AUTORELEASING = YES;
				CLANG_WARN_BOOL_CONVERSION = YES;
				CLANG_WARN_COMMA = YES;
				CLANG_WARN_CONSTANT_CONVERSION = YES;
				CLANG_WARN_DEPRECATED_OBJC_IMPLEMENTATIONS = YES;
				CLANG_WARN_DIRECT_OBJC_ISA_USAGE = YES_ERROR;
				CLANG_WARN_DOCUMENTATION_COMMENTS = YES;
				CLANG_WARN_EMPTY_BODY = YES;
				CLANG_WARN_ENUM_CONVERSION = YES;
				CLANG_WARN_INFINITE_RECURSION = YES;
				CLANG_WARN_INT_CONVERSION = YES;
				CLANG_WARN_NON_LITERAL_NULL_CONVERSION = YES;
				CLANG_WARN_OBJC_IMPLICIT_RETAIN_SELF = YES;
				CLANG_WARN_OBJC_LITERAL_CONVERSION = YES;
				CLANG_WARN_OBJC_ROOT_CLASS = YES_ERROR;
				CLANG_WARN_RANGE_LOOP_ANALYSIS = YES;
				CLANG_WARN_STRICT_PROTOTYPES = YES;
				CLANG_WARN_SUSPICIOUS_MOVE = YES;
				CLANG_WARN_UNGUARDED_AVAILABILITY = YES_AGGRESSIVE;
				CLANG_WARN_UNREACHABLE_CODE = YES;
				CLANG_WARN__DUPLICATE_METHOD_MATCH = YES;
				CODE_SIGN_IDENTITY = "iPhone Developer";
				COPY_PHASE_STRIP = NO;
				CURRENT_PROJECT_VERSION = 1;
				DEBUG_INFORMATION_FORMAT = "dwarf-with-dsym";
				ENABLE_NS_ASSERTIONS = NO;
				ENABLE_STRICT_OBJC_MSGSEND = YES;
				GCC_C_LANGUAGE_STANDARD = gnu11;
				GCC_NO_COMMON_BLOCKS = YES;
				GCC_WARN_64_TO_32_BIT_CONVERSION = YES;
				GCC_WARN_ABOUT_RETURN_TYPE = YES_ERROR;
				GCC_WARN_UNDECLARED_SELECTOR = YES;
				GCC_WARN_UNINITIALIZED_AUTOS = YES_AGGRESSIVE;
				GCC_WARN_UNUSED_FUNCTION = YES;
				GCC_WARN_UNUSED_VARIABLE = YES;
				IPHONEOS_DEPLOYMENT_TARGET = 12.0;
				MTL_ENABLE_DEBUG_INFO = NO;
				SDKROOT = iphoneos;
				SWIFT_COMPILATION_MODE = wholemodule;
				SWIFT_OPTIMIZATION_LEVEL = "-O";
				SWIFT_VERSION = 5.0;
				VALIDATE_PRODUCT = YES;
				VERSIONING_SYSTEM = "apple-generic";
				VERSION_INFO_PREFIX = "";
			};
			name = Release;
		};
		3727AC9220A6E56400D6F6EB /* Debug */ = {
			isa = XCBuildConfiguration;
			buildSettings = {
				CLANG_ENABLE_MODULES = YES;
				CODE_SIGN_IDENTITY = "";
				CODE_SIGN_STYLE = Automatic;
				DEFINES_MODULE = YES;
				DEVELOPMENT_TEAM = FBQ6Z8AF3U;
				DYLIB_COMPATIBILITY_VERSION = 1;
				DYLIB_CURRENT_VERSION = 1;
				DYLIB_INSTALL_NAME_BASE = "@rpath";
				INFOPLIST_FILE = Kitsunebi/Info.plist;
				INSTALL_PATH = "$(LOCAL_LIBRARY_DIR)/Frameworks";
				IPHONEOS_DEPLOYMENT_TARGET = 12.0;
				LD_RUNPATH_SEARCH_PATHS = (
					"$(inherited)",
					"@executable_path/Frameworks",
					"@loader_path/Frameworks",
				);
				PRODUCT_BUNDLE_IDENTIFIER = com.noppelab.Kitsunebi;
				PRODUCT_NAME = "$(TARGET_NAME:c99extidentifier)";
				SKIP_INSTALL = YES;
				SWIFT_OPTIMIZATION_LEVEL = "-Onone";
				SWIFT_VERSION = 5.0;
				TARGETED_DEVICE_FAMILY = "1,2";
			};
			name = Debug;
		};
		3727AC9320A6E56400D6F6EB /* Release */ = {
			isa = XCBuildConfiguration;
			buildSettings = {
				CLANG_ENABLE_MODULES = YES;
				CODE_SIGN_IDENTITY = "";
				CODE_SIGN_STYLE = Automatic;
				DEFINES_MODULE = YES;
				DEVELOPMENT_TEAM = FBQ6Z8AF3U;
				DYLIB_COMPATIBILITY_VERSION = 1;
				DYLIB_CURRENT_VERSION = 1;
				DYLIB_INSTALL_NAME_BASE = "@rpath";
				INFOPLIST_FILE = Kitsunebi/Info.plist;
				INSTALL_PATH = "$(LOCAL_LIBRARY_DIR)/Frameworks";
				IPHONEOS_DEPLOYMENT_TARGET = 12.0;
				LD_RUNPATH_SEARCH_PATHS = (
					"$(inherited)",
					"@executable_path/Frameworks",
					"@loader_path/Frameworks",
				);
				PRODUCT_BUNDLE_IDENTIFIER = com.noppelab.Kitsunebi;
				PRODUCT_NAME = "$(TARGET_NAME:c99extidentifier)";
				SKIP_INSTALL = YES;
				SWIFT_VERSION = 5.0;
				TARGETED_DEVICE_FAMILY = "1,2";
			};
			name = Release;
		};
/* End XCBuildConfiguration section */

/* Begin XCConfigurationList section */
		3727AC8320A6E56400D6F6EB /* Build configuration list for PBXProject "Kitsunebi" */ = {
			isa = XCConfigurationList;
			buildConfigurations = (
				3727AC8F20A6E56400D6F6EB /* Debug */,
				3727AC9020A6E56400D6F6EB /* Release */,
			);
			defaultConfigurationIsVisible = 0;
			defaultConfigurationName = Release;
		};
		3727AC9120A6E56400D6F6EB /* Build configuration list for PBXNativeTarget "Kitsunebi" */ = {
			isa = XCConfigurationList;
			buildConfigurations = (
				3727AC9220A6E56400D6F6EB /* Debug */,
				3727AC9320A6E56400D6F6EB /* Release */,
			);
			defaultConfigurationIsVisible = 0;
			defaultConfigurationName = Release;
		};
/* End XCConfigurationList section */
	};
	rootObject = 3727AC8020A6E56400D6F6EB /* Project object */;
}
